
Microsoft Visual Studio Solution File, Format Version 12.00
# Visual Studio 2013
VisualStudioVersion = 12.0.21005.1
MinimumVisualStudioVersion = 10.0.40219.1
Project("{8BC9CEB8-8B4A-11D0-8D11-00A0C91BC942}") = "gosung_and_basic", "gosung\gosung.vcxproj", "{B4371C50-E830-472E-B416-4C401BF39766}"
EndProject
Project("{8BC9CEB8-8B4A-11D0-8D11-00A0C91BC942}") = "homework", "homework\homework.vcxproj", "{035E8A5E-4E52-4DE4-9F3B-24C43034C28C}"
EndProject
Project("{8BC9CEB8-8B4A-11D0-8D11-00A0C91BC942}") = "practice", "practice\practice.vcxproj", "{F106D691-8F10-4367-95A0-B67A2BF22272}"
EndProject
Global
	GlobalSection(SolutionConfigurationPlatforms) = preSolution
		Debug|Win32 = Debug|Win32
		Release|Win32 = Release|Win32
	EndGlobalSection
	GlobalSection(ProjectConfigurationPlatforms) = postSolution
		{B4371C50-E830-472E-B416-4C401BF39766}.Debug|Win32.ActiveCfg = Debug|Win32
		{B4371C50-E830-472E-B416-4C401BF39766}.Debug|Win32.Build.0 = Debug|Win32
		{B4371C50-E830-472E-B416-4C401BF39766}.Release|Win32.ActiveCfg = Release|Win32
		{B4371C50-E830-472E-B416-4C401BF39766}.Release|Win32.Build.0 = Release|Win32
		{035E8A5E-4E52-4DE4-9F3B-24C43034C28C}.Debug|Win32.ActiveCfg = Debug|Win32
		{035E8A5E-4E52-4DE4-9F3B-24C43034C28C}.Debug|Win32.Build.0 = Debug|Win32
		{035E8A5E-4E52-4DE4-9F3B-24C43034C28C}.Release|Win32.ActiveCfg = Release|Win32
		{035E8A5E-4E52-4DE4-9F3B-24C43034C28C}.Release|Win32.Build.0 = Release|Win32
		{F106D691-8F10-4367-95A0-B67A2BF22272}.Debug|Win32.ActiveCfg = Debug|Win32
		{F106D691-8F10-4367-95A0-B67A2BF22272}.Debug|Win32.Build.0 = Debug|Win32
		{F106D691-8F10-4367-95A0-B67A2BF22272}.Release|Win32.ActiveCfg = Release|Win32
		{F106D691-8F10-4367-95A0-B67A2BF22272}.Release|Win32.Build.0 = Release|Win32
	EndGlobalSection
	GlobalSection(SolutionProperties) = preSolution
		HideSolutionNode = FALSE
	EndGlobalSection
EndGlobal
