
Microsoft Visual Studio Solution File, Format Version 12.00
# Visual Studio 2013
VisualStudioVersion = 12.0.21005.1
MinimumVisualStudioVersion = 10.0.40219.1
Project("{8BC9CEB8-8B4A-11D0-8D11-00A0C91BC942}") = "pointer_basic", "pointer_basic\pointer_basic.vcxproj", "{6DE60BDD-E7E9-4F5E-B097-38F5F85EB4F4}"
EndProject
Project("{8BC9CEB8-8B4A-11D0-8D11-00A0C91BC942}") = "array_basic", "array_basic\array_basic.vcxproj", "{6CCDAEE0-3F49-4A24-93EC-8B2CC47346B9}"
EndProject
Project("{8BC9CEB8-8B4A-11D0-8D11-00A0C91BC942}") = "multi_dimension_array", "multi_dimension_array\multi_dimension_array.vcxproj", "{B518B9C1-BA0A-4466-9167-3CA7F5AFEBD9}"
EndProject
Project("{8BC9CEB8-8B4A-11D0-8D11-00A0C91BC942}") = "move_static", "move_static\move_static.vcxproj", "{12A0267D-D4D1-4CC5-9F9E-14E29CC728AF}"
EndProject
Global
	GlobalSection(SolutionConfigurationPlatforms) = preSolution
		Debug|Win32 = Debug|Win32
		Release|Win32 = Release|Win32
	EndGlobalSection
	GlobalSection(ProjectConfigurationPlatforms) = postSolution
		{6DE60BDD-E7E9-4F5E-B097-38F5F85EB4F4}.Debug|Win32.ActiveCfg = Debug|Win32
		{6DE60BDD-E7E9-4F5E-B097-38F5F85EB4F4}.Debug|Win32.Build.0 = Debug|Win32
		{6DE60BDD-E7E9-4F5E-B097-38F5F85EB4F4}.Release|Win32.ActiveCfg = Release|Win32
		{6DE60BDD-E7E9-4F5E-B097-38F5F85EB4F4}.Release|Win32.Build.0 = Release|Win32
		{6CCDAEE0-3F49-4A24-93EC-8B2CC47346B9}.Debug|Win32.ActiveCfg = Debug|Win32
		{6CCDAEE0-3F49-4A24-93EC-8B2CC47346B9}.Debug|Win32.Build.0 = Debug|Win32
		{6CCDAEE0-3F49-4A24-93EC-8B2CC47346B9}.Release|Win32.ActiveCfg = Release|Win32
		{6CCDAEE0-3F49-4A24-93EC-8B2CC47346B9}.Release|Win32.Build.0 = Release|Win32
		{B518B9C1-BA0A-4466-9167-3CA7F5AFEBD9}.Debug|Win32.ActiveCfg = Debug|Win32
		{B518B9C1-BA0A-4466-9167-3CA7F5AFEBD9}.Debug|Win32.Build.0 = Debug|Win32
		{B518B9C1-BA0A-4466-9167-3CA7F5AFEBD9}.Release|Win32.ActiveCfg = Release|Win32
		{B518B9C1-BA0A-4466-9167-3CA7F5AFEBD9}.Release|Win32.Build.0 = Release|Win32
		{12A0267D-D4D1-4CC5-9F9E-14E29CC728AF}.Debug|Win32.ActiveCfg = Debug|Win32
		{12A0267D-D4D1-4CC5-9F9E-14E29CC728AF}.Debug|Win32.Build.0 = Debug|Win32
		{12A0267D-D4D1-4CC5-9F9E-14E29CC728AF}.Release|Win32.ActiveCfg = Release|Win32
		{12A0267D-D4D1-4CC5-9F9E-14E29CC728AF}.Release|Win32.Build.0 = Release|Win32
	EndGlobalSection
	GlobalSection(SolutionProperties) = preSolution
		HideSolutionNode = FALSE
	EndGlobalSection
EndGlobal
